# Generated by move; do not edit
# This file should be checked in.

[move]
version = 4

[pinned.testnet.MoveStdlib]
source = { git = "https://github.com/MystenLabs/sui.git", subdir = "crates/sui-framework/packages/move-stdlib", rev = "384b1c7ff289b32ed2664f29dc47dbc879fa43ee" }
use_environment = "testnet"
manifest_digest = "C4FE4C91DE74CBF223B2E380AE40F592177D21870DC2D7EB6227D2D694E05363"
deps = {}

[pinned.testnet.Sui]
source = { git = "https://github.com/MystenLabs/sui.git", subdir = "crates/sui-framework/packages/sui-framework", rev = "384b1c7ff289b32ed2664f29dc47dbc879fa43ee" }
use_environment = "testnet"
manifest_digest = "7AFB66695545775FBFBB2D3078ADFD084244D5002392E837FDE21D9EA1C6D01C"
deps = { MoveStdlib = "MoveStdlib" }

[pinned.testnet.assets]
source = { local = "world-contracts/contracts/assets" }
use_environment = "testnet"
manifest_digest = "5745706258F61D6CE210904B3E6AE87A73CE9D31A6F93BE4718C442529332A87"
deps = { std = "MoveStdlib", sui = "Sui" }

[pinned.testnet.silk_road]
source = { root = true }
use_environment = "testnet"
manifest_digest = "DF6A34A243AC5D2A33B9F81374ED8B07EE6D8C5E57CA718EA0A27F58030A8E38"
deps = { assets = "assets", std = "MoveStdlib", sui = "Sui", world = "world" }

[pinned.testnet.world]
source = { local = "world-contracts/contracts/world" }
use_environment = "testnet"
manifest_digest = "5745706258F61D6CE210904B3E6AE87A73CE9D31A6F93BE4718C442529332A87"
deps = { std = "MoveStdlib", sui = "Sui" }

[pinned.testnet_utopia.MoveStdlib]
source = { git = "https://github.com/MystenLabs/sui.git", subdir = "crates/sui-framework/packages/move-stdlib", rev = "384b1c7ff289b32ed2664f29dc47dbc879fa43ee" }
use_environment = "testnet_utopia"
manifest_digest = "C4FE4C91DE74CBF223B2E380AE40F592177D21870DC2D7EB6227D2D694E05363"
deps = {}

[pinned.testnet_utopia.Sui]
source = { git = "https://github.com/MystenLabs/sui.git", subdir = "crates/sui-framework/packages/sui-framework", rev = "384b1c7ff289b32ed2664f29dc47dbc879fa43ee" }
use_environment = "testnet_utopia"
manifest_digest = "9180BCCAED6A8C6414AF693DC2ABBAFDB0B4A4A1D5A4272617BCD455B201BEC2"
deps = { MoveStdlib = "MoveStdlib" }

[pinned.testnet_utopia.assets]
source = { local = "world-contracts/contracts/assets" }
use_environment = "testnet_utopia"
manifest_digest = "9F551938EB5AD61A0380873EAE676BEEB3328A36774B6653FA7CC61AEB133EC7"
deps = { std = "MoveStdlib", sui = "Sui" }

[pinned.testnet_utopia.silk_road]
source = { root = true }
use_environment = "testnet_utopia"
manifest_digest = "D29F0F4086FD07B7A245CCB77ED0AEE0F208BE05691389DE2FAFADA28B0C1994"
deps = { assets = "assets", std = "MoveStdlib", sui = "Sui", world = "world" }

[pinned.testnet_utopia.world]
source = { local = "world-contracts/contracts/world" }
use_environment = "testnet_utopia"
manifest_digest = "9F551938EB5AD61A0380873EAE676BEEB3328A36774B6653FA7CC61AEB133EC7"
deps = { std = "MoveStdlib", sui = "Sui" }
